
Microsoft Visual Studio Solution File, Format Version 12.00
# Visual Studio Version 16
VisualStudioVersion = 16.0.31205.134
MinimumVisualStudioVersion = 10.0.40219.1
Project("{FAE04EC0-301F-11D3-BF4B-00C04F79EFBC}") = "RepoApp", "RepoApp\RepoApp.csproj", "{7B3C3523-7FDC-42D1-B5EE-649DEA2C9B32}"
EndProject
Project("{FAE04EC0-301F-11D3-BF4B-00C04F79EFBC}") = "RepoApp.DAL", "RepoApp.DAL\RepoApp.DAL.csproj", "{0A177E09-5FC1-4D7F-9006-3CA3DF9EDFCF}"
EndProject
Project("{FAE04EC0-301F-11D3-BF4B-00C04F79EFBC}") = "RepoApp.BLL", "RepoApp.BLL\RepoApp.BLL.csproj", "{D207129D-4223-4AA0-AD76-9A703060B470}"
EndProject
Project("{FAE04EC0-301F-11D3-BF4B-00C04F79EFBC}") = "RepoApp.Common", "RepoApp.Common\RepoApp.Common.csproj", "{96F44162-3B76-430F-B1B6-6C748677C826}"
EndProject
Global
	GlobalSection(SolutionConfigurationPlatforms) = preSolution
		Debug|Any CPU = Debug|Any CPU
		Release|Any CPU = Release|Any CPU
	EndGlobalSection
	GlobalSection(ProjectConfigurationPlatforms) = postSolution
		{7B3C3523-7FDC-42D1-B5EE-649DEA2C9B32}.Debug|Any CPU.ActiveCfg = Debug|Any CPU
		{7B3C3523-7FDC-42D1-B5EE-649DEA2C9B32}.Debug|Any CPU.Build.0 = Debug|Any CPU
		{7B3C3523-7FDC-42D1-B5EE-649DEA2C9B32}.Release|Any CPU.ActiveCfg = Release|Any CPU
		{7B3C3523-7FDC-42D1-B5EE-649DEA2C9B32}.Release|Any CPU.Build.0 = Release|Any CPU
		{0A177E09-5FC1-4D7F-9006-3CA3DF9EDFCF}.Debug|Any CPU.ActiveCfg = Debug|Any CPU
		{0A177E09-5FC1-4D7F-9006-3CA3DF9EDFCF}.Debug|Any CPU.Build.0 = Debug|Any CPU
		{0A177E09-5FC1-4D7F-9006-3CA3DF9EDFCF}.Release|Any CPU.ActiveCfg = Release|Any CPU
		{0A177E09-5FC1-4D7F-9006-3CA3DF9EDFCF}.Release|Any CPU.Build.0 = Release|Any CPU
		{D207129D-4223-4AA0-AD76-9A703060B470}.Debug|Any CPU.ActiveCfg = Debug|Any CPU
		{D207129D-4223-4AA0-AD76-9A703060B470}.Debug|Any CPU.Build.0 = Debug|Any CPU
		{D207129D-4223-4AA0-AD76-9A703060B470}.Release|Any CPU.ActiveCfg = Release|Any CPU
		{D207129D-4223-4AA0-AD76-9A703060B470}.Release|Any CPU.Build.0 = Release|Any CPU
		{96F44162-3B76-430F-B1B6-6C748677C826}.Debug|Any CPU.ActiveCfg = Debug|Any CPU
		{96F44162-3B76-430F-B1B6-6C748677C826}.Debug|Any CPU.Build.0 = Debug|Any CPU
		{96F44162-3B76-430F-B1B6-6C748677C826}.Release|Any CPU.ActiveCfg = Release|Any CPU
		{96F44162-3B76-430F-B1B6-6C748677C826}.Release|Any CPU.Build.0 = Release|Any CPU
	EndGlobalSection
	GlobalSection(SolutionProperties) = preSolution
		HideSolutionNode = FALSE
	EndGlobalSection
	GlobalSection(ExtensibilityGlobals) = postSolution
		SolutionGuid = {4E3F01C2-DC63-4DDE-9B99-B52478AEF28D}
	EndGlobalSection
EndGlobal
